
Microsoft Visual Studio Solution File, Format Version 12.00
# Visual Studio 2015
Project("{FAE04EC0-301F-11D3-BF4B-00C04F79EFBC}") = "TrejPedsonaBird.CSharp", "TrejPedsonaBird.CSharp.csproj", "{04318309-C0FC-0B1D-EE98-20AC0A1685C8}"
EndProject
Global
	GlobalSection(SolutionConfigurationPlatforms) = preSolution
		Debug|Any CPU = Debug|Any CPU
		Release|Any CPU = Release|Any CPU
	EndGlobalSection
	GlobalSection(ProjectConfigurationPlatforms) = postSolution
		{04318309-C0FC-0B1D-EE98-20AC0A1685C8}.Debug|Any CPU.ActiveCfg = Debug|Any CPU
		{04318309-C0FC-0B1D-EE98-20AC0A1685C8}.Debug|Any CPU.Build.0 = Debug|Any CPU
		{04318309-C0FC-0B1D-EE98-20AC0A1685C8}.Release|Any CPU.ActiveCfg = Release|Any CPU
		{04318309-C0FC-0B1D-EE98-20AC0A1685C8}.Release|Any CPU.Build.0 = Release|Any CPU
	EndGlobalSection
	GlobalSection(SolutionProperties) = preSolution
		HideSolutionNode = FALSE
	EndGlobalSection
EndGlobal
